
Microsoft Visual Studio Solution File, Format Version 12.00
# Visual Studio Version 16
VisualStudioVersion = 16.0.31025.194
MinimumVisualStudioVersion = 10.0.40219.1
Project("{8BC9CEB8-8B4A-11D0-8D11-00A0C91BC942}") = "add_2_time", "add_2_time\add_2_time.vcxproj", "{14AF9BF7-F006-48B4-AE63-57BFD581B20E}"
EndProject
Global
	GlobalSection(SolutionConfigurationPlatforms) = preSolution
		Debug|x64 = Debug|x64
		Debug|x86 = Debug|x86
		Release|x64 = Release|x64
		Release|x86 = Release|x86
	EndGlobalSection
	GlobalSection(ProjectConfigurationPlatforms) = postSolution
		{14AF9BF7-F006-48B4-AE63-57BFD581B20E}.Debug|x64.ActiveCfg = Debug|x64
		{14AF9BF7-F006-48B4-AE63-57BFD581B20E}.Debug|x64.Build.0 = Debug|x64
		{14AF9BF7-F006-48B4-AE63-57BFD581B20E}.Debug|x86.ActiveCfg = Debug|Win32
		{14AF9BF7-F006-48B4-AE63-57BFD581B20E}.Debug|x86.Build.0 = Debug|Win32
		{14AF9BF7-F006-48B4-AE63-57BFD581B20E}.Release|x64.ActiveCfg = Release|x64
		{14AF9BF7-F006-48B4-AE63-57BFD581B20E}.Release|x64.Build.0 = Release|x64
		{14AF9BF7-F006-48B4-AE63-57BFD581B20E}.Release|x86.ActiveCfg = Release|Win32
		{14AF9BF7-F006-48B4-AE63-57BFD581B20E}.Release|x86.Build.0 = Release|Win32
	EndGlobalSection
	GlobalSection(SolutionProperties) = preSolution
		HideSolutionNode = FALSE
	EndGlobalSection
	GlobalSection(ExtensibilityGlobals) = postSolution
		SolutionGuid = {2BFBFA2E-C057-4D8E-BCB3-E5A2B3BA5592}
	EndGlobalSection
EndGlobal
