
Microsoft Visual Studio Solution File, Format Version 12.00
# Visual Studio Version 16
VisualStudioVersion = 16.0.31025.194
MinimumVisualStudioVersion = 10.0.40219.1
Project("{8BC9CEB8-8B4A-11D0-8D11-00A0C91BC942}") = "sum_1_100", "sum_1_100\sum_1_100.vcxproj", "{6EFBD786-0088-48F0-9750-7EE86AF39D39}"
EndProject
Global
	GlobalSection(SolutionConfigurationPlatforms) = preSolution
		Debug|x64 = Debug|x64
		Debug|x86 = Debug|x86
		Release|x64 = Release|x64
		Release|x86 = Release|x86
	EndGlobalSection
	GlobalSection(ProjectConfigurationPlatforms) = postSolution
		{6EFBD786-0088-48F0-9750-7EE86AF39D39}.Debug|x64.ActiveCfg = Debug|x64
		{6EFBD786-0088-48F0-9750-7EE86AF39D39}.Debug|x64.Build.0 = Debug|x64
		{6EFBD786-0088-48F0-9750-7EE86AF39D39}.Debug|x86.ActiveCfg = Debug|Win32
		{6EFBD786-0088-48F0-9750-7EE86AF39D39}.Debug|x86.Build.0 = Debug|Win32
		{6EFBD786-0088-48F0-9750-7EE86AF39D39}.Release|x64.ActiveCfg = Release|x64
		{6EFBD786-0088-48F0-9750-7EE86AF39D39}.Release|x64.Build.0 = Release|x64
		{6EFBD786-0088-48F0-9750-7EE86AF39D39}.Release|x86.ActiveCfg = Release|Win32
		{6EFBD786-0088-48F0-9750-7EE86AF39D39}.Release|x86.Build.0 = Release|Win32
	EndGlobalSection
	GlobalSection(SolutionProperties) = preSolution
		HideSolutionNode = FALSE
	EndGlobalSection
	GlobalSection(ExtensibilityGlobals) = postSolution
		SolutionGuid = {D1687145-5B8B-430F-A859-AA99263C030C}
	EndGlobalSection
EndGlobal
